
Microsoft Visual Studio Solution File, Format Version 12.00
# Visual Studio 15
VisualStudioVersion = 15.0.28307.572
MinimumVisualStudioVersion = 10.0.40219.1
Project("{FAE04EC0-301F-11D3-BF4B-00C04F79EFBC}") = "PARC V3", "PARC V3\PARC V3.csproj", "{DD33AD70-C610-45B8-8873-28100517B81B}"
EndProject
Global
	GlobalSection(SolutionConfigurationPlatforms) = preSolution
		Debug|Any CPU = Debug|Any CPU
		Release|Any CPU = Release|Any CPU
	EndGlobalSection
	GlobalSection(ProjectConfigurationPlatforms) = postSolution
		{DD33AD70-C610-45B8-8873-28100517B81B}.Debug|Any CPU.ActiveCfg = Debug|Any CPU
		{DD33AD70-C610-45B8-8873-28100517B81B}.Debug|Any CPU.Build.0 = Debug|Any CPU
		{DD33AD70-C610-45B8-8873-28100517B81B}.Release|Any CPU.ActiveCfg = Release|Any CPU
		{DD33AD70-C610-45B8-8873-28100517B81B}.Release|Any CPU.Build.0 = Release|Any CPU
	EndGlobalSection
	GlobalSection(SolutionProperties) = preSolution
		HideSolutionNode = FALSE
	EndGlobalSection
	GlobalSection(ExtensibilityGlobals) = postSolution
		SolutionGuid = {C21CABC6-AE24-4D5F-AC15-A07CE97155E7}
	EndGlobalSection
EndGlobal
